
Microsoft Visual Studio Solution File, Format Version 12.00
# Visual Studio Version 17
VisualStudioVersion = 17.11.35219.272
MinimumVisualStudioVersion = 10.0.40219.1
Project("{FAE04EC0-301F-11D3-BF4B-00C04F79EFBC}") = "PracticeProject", "PracticeProject\PracticeProject.csproj", "{D57430FB-F460-4E46-8FFA-E7A440B08E24}"
EndProject
Global
	GlobalSection(SolutionConfigurationPlatforms) = preSolution
		Debug|Any CPU = Debug|Any CPU
		Release|Any CPU = Release|Any CPU
	EndGlobalSection
	GlobalSection(ProjectConfigurationPlatforms) = postSolution
		{D57430FB-F460-4E46-8FFA-E7A440B08E24}.Debug|Any CPU.ActiveCfg = Debug|Any CPU
		{D57430FB-F460-4E46-8FFA-E7A440B08E24}.Debug|Any CPU.Build.0 = Debug|Any CPU
		{D57430FB-F460-4E46-8FFA-E7A440B08E24}.Release|Any CPU.ActiveCfg = Release|Any CPU
		{D57430FB-F460-4E46-8FFA-E7A440B08E24}.Release|Any CPU.Build.0 = Release|Any CPU
	EndGlobalSection
	GlobalSection(SolutionProperties) = preSolution
		HideSolutionNode = FALSE
	EndGlobalSection
	GlobalSection(ExtensibilityGlobals) = postSolution
		SolutionGuid = {2E0D64C8-ACDC-4A43-9D0F-57A69DECF4F4}
	EndGlobalSection
EndGlobal
